// !$*UTF8*$!
{
	archiveVersion = 1;
	classes = {
	};
	objectVersion = 50;
	objects = {

/* Begin PBXBuildFile section */
		9FDD3C6324DA6BDD00A8695F /* AppDelegate.swift in Sources */ = {isa = PBXBuildFile; fileRef = 9FDD3C6224DA6BDD00A8695F /* AppDelegate.swift */; };
		9FDD3C6524DA6BDD00A8695F /* SceneDelegate.swift in Sources */ = {isa = PBXBuildFile; fileRef = 9FDD3C6424DA6BDD00A8695F /* SceneDelegate.swift */; };
		9FDD3C6724DA6BDD00A8695F /* ViewController.swift in Sources */ = {isa = PBXBuildFile; fileRef = 9FDD3C6624DA6BDD00A8695F /* ViewController.swift */; };
		9FDD3C6A24DA6BDD00A8695F /* Main.storyboard in Resources */ = {isa = PBXBuildFile; fileRef = 9FDD3C6824DA6BDD00A8695F /* Main.storyboard */; };
		9FDD3C6C24DA6BDF00A8695F /* Assets.xcassets in Resources */ = {isa = PBXBuildFile; fileRef = 9FDD3C6B24DA6BDF00A8695F /* Assets.xcassets */; };
		9FDD3C6F24DA6BDF00A8695F /* LaunchScreen.storyboard in Resources */ = {isa = PBXBuildFile; fileRef = 9FDD3C6D24DA6BDF00A8695F /* LaunchScreen.storyboard */; };
		9FDD3C7A24DA6BDF00A8695F /* CalendarTests.swift in Sources */ = {isa = PBXBuildFile; fileRef = 9FDD3C7924DA6BDF00A8695F /* CalendarTests.swift */; };
		9FDD3C8524DA6BDF00A8695F /* CalendarUITests.swift in Sources */ = {isa = PBXBuildFile; fileRef = 9FDD3C8424DA6BDF00A8695F /* CalendarUITests.swift */; };
/* End PBXBuildFile section */

/* Begin PBXContainerItemProxy section */
		9FDD3C7624DA6BDF00A8695F /* PBXContainerItemProxy */ = {
			isa = PBXContainerItemProxy;
			containerPortal = 9FDD3C5724DA6BDD00A8695F /* Project object */;
			proxyType = 1;
			remoteGlobalIDString = 9FDD3C5E24DA6BDD00A8695F;
			remoteInfo = Calendar;
		};
		9FDD3C8124DA6BDF00A8695F /* PBXContainerItemProxy */ = {
			isa = PBXContainerItemProxy;
			containerPortal = 9FDD3C5724DA6BDD00A8695F /* Project object */;
			proxyType = 1;
			remoteGlobalIDString = 9FDD3C5E24DA6BDD00A8695F;
			remoteInfo = Calendar;
		};
/* End PBXContainerItemProxy section */

/* Begin PBXFileReference section */
		9FDD3C5F24DA6BDD00A8695F /* Calendar.app */ = {isa = PBXFileReference; explicitFileType = wrapper.application; includeInIndex = 0; path = Calendar.app; sourceTree = BUILT_PRODUCTS_DIR; };
		9FDD3C6224DA6BDD00A8695F /* AppDelegate.swift */ = {isa = PBXFileReference; lastKnownFileType = sourcecode.swift; path = AppDelegate.swift; sourceTree = "<group>"; };
		9FDD3C6424DA6BDD00A8695F /* SceneDelegate.swift */ = {isa = PBXFileReference; lastKnownFileType = sourcecode.swift; path = SceneDelegate.swift; sourceTree = "<group>"; };
		9FDD3C6624DA6BDD00A8695F /* ViewController.swift */ = {isa = PBXFileReference; lastKnownFileType = sourcecode.swift; path = ViewController.swift; sourceTree = "<group>"; };
		9FDD3C6924DA6BDD00A8695F /* Base */ = {isa = PBXFileReference; lastKnownFileType = file.storyboard; name = Base; path = Base.lproj/Main.storyboard; sourceTree = "<group>"; };
		9FDD3C6B24DA6BDF00A8695F /* Assets.xcassets */ = {isa = PBXFileReference; lastKnownFileType = folder.assetcatalog; path = Assets.xcassets; sourceTree = "<group>"; };
		9FDD3C6E24DA6BDF00A8695F /* Base */ = {isa = PBXFileReference; lastKnownFileType = file.storyboard; name = Base; path = Base.lproj/LaunchScreen.storyboard; sourceTree = "<group>"; };
		9FDD3C7024DA6BDF00A8695F /* Info.plist */ = {isa = PBXFileReference; lastKnownFileType = text.plist.xml; path = Info.plist; sourceTree = "<group>"; };
		9FDD3C7524DA6BDF00A8695F /* CalendarTests.xctest */ = {isa = PBXFileReference; explicitFileType = wrapper.cfbundle; includeInIndex = 0; path = CalendarTests.xctest; sourceTree = BUILT_PRODUCTS_DIR; };
		9FDD3C7924DA6BDF00A8695F /* CalendarTests.swift */ = {isa = PBXFileReference; lastKnownFileType = sourcecode.swift; path = CalendarTests.swift; sourceTree = "<group>"; };
		9FDD3C7B24DA6BDF00A8695F /* Info.plist */ = {isa = PBXFileReference; lastKnownFileType = text.plist.xml; path = Info.plist; sourceTree = "<group>"; };
		9FDD3C8024DA6BDF00A8695F /* CalendarUITests.xctest */ = {isa = PBXFileReference; explicitFileType = wrapper.cfbundle; includeInIndex = 0; path = CalendarUITests.xctest; sourceTree = BUILT_PRODUCTS_DIR; };
		9FDD3C8424DA6BDF00A8695F /* CalendarUITests.swift */ = {isa = PBXFileReference; lastKnownFileType = sourcecode.swift; path = CalendarUITests.swift; sourceTree = "<group>"; };
		9FDD3C8624DA6BDF00A8695F /* Info.plist */ = {isa = PBXFileReference; lastKnownFileType = text.plist.xml; path = Info.plist; sourceTree = "<group>"; };
/* End PBXFileReference section */

/* Begin PBXFrameworksBuildPhase section */
		9FDD3C5C24DA6BDD00A8695F /* Frameworks */ = {
			isa = PBXFrameworksBuildPhase;
			buildActionMask = 2147483647;
			files = (
			);
			runOnlyForDeploymentPostprocessing = 0;
		};
		9FDD3C7224DA6BDF00A8695F /* Frameworks */ = {
			isa = PBXFrameworksBuildPhase;
			buildActionMask = 2147483647;
			files = (
			);
			runOnlyForDeploymentPostprocessing = 0;
		};
		9FDD3C7D24DA6BDF00A8695F /* Frameworks */ = {
			isa = PBXFrameworksBuildPhase;
			buildActionMask = 2147483647;
			files = (
			);
			runOnlyForDeploymentPostprocessing = 0;
		};
/* End PBXFrameworksBuildPhase section */

/* Begin PBXGroup section */
		9FDD3C5624DA6BDD00A8695F = {
			isa = PBXGroup;
			children = (
				9FDD3C6124DA6BDD00A8695F /* Calendar */,
				9FDD3C7824DA6BDF00A8695F /* CalendarTests */,
				9FDD3C8324DA6BDF00A8695F /* CalendarUITests */,
				9FDD3C6024DA6BDD00A8695F /* Products */,
			);
			sourceTree = "<group>";
		};
		9FDD3C6024DA6BDD00A8695F /* Products */ = {
			isa = PBXGroup;
			children = (
				9FDD3C5F24DA6BDD00A8695F /* Calendar.app */,
				9FDD3C7524DA6BDF00A8695F /* CalendarTests.xctest */,
				9FDD3C8024DA6BDF00A8695F /* CalendarUITests.xctest */,
			);
			name = Products;
			sourceTree = "<group>";
		};
		9FDD3C6124DA6BDD00A8695F /* Calendar */ = {
			isa = PBXGroup;
			children = (
				9FDD3C6224DA6BDD00A8695F /* AppDelegate.swift */,
				9FDD3C6424DA6BDD00A8695F /* SceneDelegate.swift */,
				9FDD3C6624DA6BDD00A8695F /* ViewController.swift */,
				9FDD3C6824DA6BDD00A8695F /* Main.storyboard */,
				9FDD3C6B24DA6BDF00A8695F /* Assets.xcassets */,
				9FDD3C6D24DA6BDF00A8695F /* LaunchScreen.storyboard */,
				9FDD3C7024DA6BDF00A8695F /* Info.plist */,
			);
			path = Calendar;
			sourceTree = "<group>";
		};
		9FDD3C7824DA6BDF00A8695F /* CalendarTests */ = {
			isa = PBXGroup;
			children = (
				9FDD3C7924DA6BDF00A8695F /* CalendarTests.swift */,
				9FDD3C7B24DA6BDF00A8695F /* Info.plist */,
			);
			path = CalendarTests;
			sourceTree = "<group>";
		};
		9FDD3C8324DA6BDF00A8695F /* CalendarUITests */ = {
			isa = PBXGroup;
			children = (
				9FDD3C8424DA6BDF00A8695F /* CalendarUITests.swift */,
				9FDD3C8624DA6BDF00A8695F /* Info.plist */,
			);
			path = CalendarUITests;
			sourceTree = "<group>";
		};
/* End PBXGroup section */

/* Begin PBXNativeTarget section */
		9FDD3C5E24DA6BDD00A8695F /* Calendar */ = {
			isa = PBXNativeTarget;
			buildConfigurationList = 9FDD3C8924DA6BDF00A8695F /* Build configuration list for PBXNativeTarget "Calendar" */;
			buildPhases = (
				9FDD3C5B24DA6BDD00A8695F /* Sources */,
				9FDD3C5C24DA6BDD00A8695F /* Frameworks */,
				9FDD3C5D24DA6BDD00A8695F /* Resources */,
			);
			buildRules = (
			);
			dependencies = (
			);
			name = Calendar;
			productName = Calendar;
			productReference = 9FDD3C5F24DA6BDD00A8695F /* Calendar.app */;
			productType = "com.apple.product-type.application";
		};
		9FDD3C7424DA6BDF00A8695F /* CalendarTests */ = {
			isa = PBXNativeTarget;
			buildConfigurationList = 9FDD3C8C24DA6BDF00A8695F /* Build configuration list for PBXNativeTarget "CalendarTests" */;
			buildPhases = (
				9FDD3C7124DA6BDF00A8695F /* Sources */,
				9FDD3C7224DA6BDF00A8695F /* Frameworks */,
				9FDD3C7324DA6BDF00A8695F /* Resources */,
			);
			buildRules = (
			);
			dependencies = (
				9FDD3C7724DA6BDF00A8695F /* PBXTargetDependency */,
			);
			name = CalendarTests;
			productName = CalendarTests;
			productReference = 9FDD3C7524DA6BDF00A8695F /* CalendarTests.xctest */;
			productType = "com.apple.product-type.bundle.unit-test";
		};
		9FDD3C7F24DA6BDF00A8695F /* CalendarUITests */ = {
			isa = PBXNativeTarget;
			buildConfigurationList = 9FDD3C8F24DA6BDF00A8695F /* Build configuration list for PBXNativeTarget "CalendarUITests" */;
			buildPhases = (
				9FDD3C7C24DA6BDF00A8695F /* Sources */,
				9FDD3C7D24DA6BDF00A8695F /* Frameworks */,
				9FDD3C7E24DA6BDF00A8695F /* Resources */,
			);
			buildRules = (
			);
			dependencies = (
				9FDD3C8224DA6BDF00A8695F /* PBXTargetDependency */,
			);
			name = CalendarUITests;
			productName = CalendarUITests;
			productReference = 9FDD3C8024DA6BDF00A8695F /* CalendarUITests.xctest */;
			productType = "com.apple.product-type.bundle.ui-testing";
		};
/* End PBXNativeTarget section */

/* Begin PBXProject section */
		9FDD3C5724DA6BDD00A8695F /* Project object */ = {
			isa = PBXProject;
			attributes = {
				LastSwiftUpdateCheck = 1160;
				LastUpgradeCheck = 1160;
				ORGANIZATIONNAME = "笹谷亮太";
				TargetAttributes = {
					9FDD3C5E24DA6BDD00A8695F = {
						CreatedOnToolsVersion = 11.6;
					};
					9FDD3C7424DA6BDF00A8695F = {
						CreatedOnToolsVersion = 11.6;
						TestTargetID = 9FDD3C5E24DA6BDD00A8695F;
					};
					9FDD3C7F24DA6BDF00A8695F = {
						CreatedOnToolsVersion = 11.6;
						TestTargetID = 9FDD3C5E24DA6BDD00A8695F;
					};
				};
			};
			buildConfigurationList = 9FDD3C5A24DA6BDD00A8695F /* Build configuration list for PBXProject "Calendar" */;
			compatibilityVersion = "Xcode 9.3";
			developmentRegion = en;
			hasScannedForEncodings = 0;
			knownRegions = (
				en,
				Base,
			);
			mainGroup = 9FDD3C5624DA6BDD00A8695F;
			productRefGroup = 9FDD3C6024DA6BDD00A8695F /* Products */;
			projectDirPath = "";
			projectRoot = "";
			targets = (
				9FDD3C5E24DA6BDD00A8695F /* Calendar */,
				9FDD3C7424DA6BDF00A8695F /* CalendarTests */,
				9FDD3C7F24DA6BDF00A8695F /* CalendarUITests */,
			);
		};
/* End PBXProject section */

/* Begin PBXResourcesBuildPhase section */
		9FDD3C5D24DA6BDD00A8695F /* Resources */ = {
			isa = PBXResourcesBuildPhase;
			buildActionMask = 2147483647;
			files = (
				9FDD3C6F24DA6BDF00A8695F /* LaunchScreen.storyboard in Resources */,
				9FDD3C6C24DA6BDF00A8695F /* Assets.xcassets in Resources */,
				9FDD3C6A24DA6BDD00A8695F /* Main.storyboard in Resources */,
			);
			runOnlyForDeploymentPostprocessing = 0;
		};
		9FDD3C7324DA6BDF00A8695F /* Resources */ = {
			isa = PBXResourcesBuildPhase;
			buildActionMask = 2147483647;
			files = (
			);
			runOnlyForDeploymentPostprocessing = 0;
		};
		9FDD3C7E24DA6BDF00A8695F /* Resources */ = {
			isa = PBXResourcesBuildPhase;
			buildActionMask = 2147483647;
			files = (
			);
			runOnlyForDeploymentPostprocessing = 0;
		};
/* End PBXResourcesBuildPhase section */

/* Begin PBXSourcesBuildPhase section */
		9FDD3C5B24DA6BDD00A8695F /* Sources */ = {
			isa = PBXSourcesBuildPhase;
			buildActionMask = 2147483647;
			files = (
				9FDD3C6724DA6BDD00A8695F /* ViewController.swift in Sources */,
				9FDD3C6324DA6BDD00A8695F /* AppDelegate.swift in Sources */,
				9FDD3C6524DA6BDD00A8695F /* SceneDelegate.swift in Sources */,
			);
			runOnlyForDeploymentPostprocessing = 0;
		};
		9FDD3C7124DA6BDF00A8695F /* Sources */ = {
			isa = PBXSourcesBuildPhase;
			buildActionMask = 2147483647;
			files = (
				9FDD3C7A24DA6BDF00A8695F /* CalendarTests.swift in Sources */,
			);
			runOnlyForDeploymentPostprocessing = 0;
		};
		9FDD3C7C24DA6BDF00A8695F /* Sources */ = {
			isa = PBXSourcesBuildPhase;
			buildActionMask = 2147483647;
			files = (
				9FDD3C8524DA6BDF00A8695F /* CalendarUITests.swift in Sources */,
			);
			runOnlyForDeploymentPostprocessing = 0;
		};
/* End PBXSourcesBuildPhase section */

/* Begin PBXTargetDependency section */
		9FDD3C7724DA6BDF00A8695F /* PBXTargetDependency */ = {
			isa = PBXTargetDependency;
			target = 9FDD3C5E24DA6BDD00A8695F /* Calendar */;
			targetProxy = 9FDD3C7624DA6BDF00A8695F /* PBXContainerItemProxy */;
		};
		9FDD3C8224DA6BDF00A8695F /* PBXTargetDependency */ = {
			isa = PBXTargetDependency;
			target = 9FDD3C5E24DA6BDD00A8695F /* Calendar */;
			targetProxy = 9FDD3C8124DA6BDF00A8695F /* PBXContainerItemProxy */;
		};
/* End PBXTargetDependency section */

/* Begin PBXVariantGroup section */
		9FDD3C6824DA6BDD00A8695F /* Main.storyboard */ = {
			isa = PBXVariantGroup;
			children = (
				9FDD3C6924DA6BDD00A8695F /* Base */,
			);
			name = Main.storyboard;
			sourceTree = "<group>";
		};
		9FDD3C6D24DA6BDF00A8695F /* LaunchScreen.storyboard */ = {
			isa = PBXVariantGroup;
			children = (
				9FDD3C6E24DA6BDF00A8695F /* Base */,
			);
			name = LaunchScreen.storyboard;
			sourceTree = "<group>";
		};
/* End PBXVariantGroup section */

/* Begin XCBuildConfiguration section */
		9FDD3C8724DA6BDF00A8695F /* Debug */ = {
			isa = XCBuildConfiguration;
			buildSettings = {
				ALWAYS_SEARCH_USER_PATHS = NO;
				CLANG_ANALYZER_NONNULL = YES;
				CLANG_ANALYZER_NUMBER_OBJECT_CONVERSION = YES_AGGRESSIVE;
				CLANG_CXX_LANGUAGE_STANDARD = "gnu++14";
				CLANG_CXX_LIBRARY = "libc++";
				CLANG_ENABLE_MODULES = YES;
				CLANG_ENABLE_OBJC_ARC = YES;
				CLANG_ENABLE_OBJC_WEAK = YES;
				CLANG_WARN_BLOCK_CAPTURE_AUTORELEASING = YES;
				CLANG_WARN_BOOL_CONVERSION = YES;
				CLANG_WARN_COMMA = YES;
				CLANG_WARN_CONSTANT_CONVERSION = YES;
				CLANG_WARN_DEPRECATED_OBJC_IMPLEMENTATIONS = YES;
				CLANG_WARN_DIRECT_OBJC_ISA_USAGE = YES_ERROR;
				CLANG_WARN_DOCUMENTATION_COMMENTS = YES;
				CLANG_WARN_EMPTY_BODY = YES;
				CLANG_WARN_ENUM_CONVERSION = YES;
				CLANG_WARN_INFINITE_RECURSION = YES;
				CLANG_WARN_INT_CONVERSION = YES;
				CLANG_WARN_NON_LITERAL_NULL_CONVERSION = YES;
				CLANG_WARN_OBJC_IMPLICIT_RETAIN_SELF = YES;
				CLANG_WARN_OBJC_LITERAL_CONVERSION = YES;
				CLANG_WARN_OBJC_ROOT_CLASS = YES_ERROR;
				CLANG_WARN_RANGE_LOOP_ANALYSIS = YES;
				CLANG_WARN_STRICT_PROTOTYPES = YES;
				CLANG_WARN_SUSPICIOUS_MOVE = YES;
				CLANG_WARN_UNGUARDED_AVAILABILITY = YES_AGGRESSIVE;
				CLANG_WARN_UNREACHABLE_CODE = YES;
				CLANG_WARN__DUPLICATE_METHOD_MATCH = YES;
				COPY_PHASE_STRIP = NO;
				DEBUG_INFORMATION_FORMAT = dwarf;
				ENABLE_STRICT_OBJC_MSGSEND = YES;
				ENABLE_TESTABILITY = YES;
				GCC_C_LANGUAGE_STANDARD = gnu11;
				GCC_DYNAMIC_NO_PIC = NO;
				GCC_NO_COMMON_BLOCKS = YES;
				GCC_OPTIMIZATION_LEVEL = 0;
				GCC_PREPROCESSOR_DEFINITIONS = (
					"DEBUG=1",
					"$(inherited)",
				);
				GCC_WARN_64_TO_32_BIT_CONVERSION = YES;
				GCC_WARN_ABOUT_RETURN_TYPE = YES_ERROR;
				GCC_WARN_UNDECLARED_SELECTOR = YES;
				GCC_WARN_UNINITIALIZED_AUTOS = YES_AGGRESSIVE;
				GCC_WARN_UNUSED_FUNCTION = YES;
				GCC_WARN_UNUSED_VARIABLE = YES;
				IPHONEOS_DEPLOYMENT_TARGET = 13.6;
				MTL_ENABLE_DEBUG_INFO = INCLUDE_SOURCE;
				MTL_FAST_MATH = YES;
				ONLY_ACTIVE_ARCH = YES;
				SDKROOT = iphoneos;
				SWIFT_ACTIVE_COMPILATION_CONDITIONS = DEBUG;
				SWIFT_OPTIMIZATION_LEVEL = "-Onone";
			};
			name = Debug;
		};
		9FDD3C8824DA6BDF00A8695F /* Release */ = {
			isa = XCBuildConfiguration;
			buildSettings = {
				ALWAYS_SEARCH_USER_PATHS = NO;
				CLANG_ANALYZER_NONNULL = YES;
				CLANG_ANALYZER_NUMBER_OBJECT_CONVERSION = YES_AGGRESSIVE;
				CLANG_CXX_LANGUAGE_STANDARD = "gnu++14";
				CLANG_CXX_LIBRARY = "libc++";
				CLANG_ENABLE_MODULES = YES;
				CLANG_ENABLE_OBJC_ARC = YES;
				CLANG_ENABLE_OBJC_WEAK = YES;
				CLANG_WARN_BLOCK_CAPTURE_AUTORELEASING = YES;
				CLANG_WARN_BOOL_CONVERSION = YES;
				CLANG_WARN_COMMA = YES;
				CLANG_WARN_CONSTANT_CONVERSION = YES;
				CLANG_WARN_DEPRECATED_OBJC_IMPLEMENTATIONS = YES;
				CLANG_WARN_DIRECT_OBJC_ISA_USAGE = YES_ERROR;
				CLANG_WARN_DOCUMENTATION_COMMENTS = YES;
				CLANG_WARN_EMPTY_BODY = YES;
				CLANG_WARN_ENUM_CONVERSION = YES;
				CLANG_WARN_INFINITE_RECURSION = YES;
				CLANG_WARN_INT_CONVERSION = YES;
				CLANG_WARN_NON_LITERAL_NULL_CONVERSION = YES;
				CLANG_WARN_OBJC_IMPLICIT_RETAIN_SELF = YES;
				CLANG_WARN_OBJC_LITERAL_CONVERSION = YES;
				CLANG_WARN_OBJC_ROOT_CLASS = YES_ERROR;
				CLANG_WARN_RANGE_LOOP_ANALYSIS = YES;
				CLANG_WARN_STRICT_PROTOTYPES = YES;
				CLANG_WARN_SUSPICIOUS_MOVE = YES;
				CLANG_WARN_UNGUARDED_AVAILABILITY = YES_AGGRESSIVE;
				CLANG_WARN_UNREACHABLE_CODE = YES;
				CLANG_WARN__DUPLICATE_METHOD_MATCH = YES;
				COPY_PHASE_STRIP = NO;
				DEBUG_INFORMATION_FORMAT = "dwarf-with-dsym";
				ENABLE_NS_ASSERTIONS = NO;
				ENABLE_STRICT_OBJC_MSGSEND = YES;
				GCC_C_LANGUAGE_STANDARD = gnu11;
				GCC_NO_COMMON_BLOCKS = YES;
				GCC_WARN_64_TO_32_BIT_CONVERSION = YES;
				GCC_WARN_ABOUT_RETURN_TYPE = YES_ERROR;
				GCC_WARN_UNDECLARED_SELECTOR = YES;
				GCC_WARN_UNINITIALIZED_AUTOS = YES_AGGRESSIVE;
				GCC_WARN_UNUSED_FUNCTION = YES;
				GCC_WARN_UNUSED_VARIABLE = YES;
				IPHONEOS_DEPLOYMENT_TARGET = 13.6;
				MTL_ENABLE_DEBUG_INFO = NO;
				MTL_FAST_MATH = YES;
				SDKROOT = iphoneos;
				SWIFT_COMPILATION_MODE = wholemodule;
				SWIFT_OPTIMIZATION_LEVEL = "-O";
				VALIDATE_PRODUCT = YES;
			};
			name = Release;
		};
		9FDD3C8A24DA6BDF00A8695F /* Debug */ = {
			isa = XCBuildConfiguration;
			buildSettings = {
				ASSETCATALOG_COMPILER_APPICON_NAME = AppIcon;
				CODE_SIGN_STYLE = Automatic;
				INFOPLIST_FILE = Calendar/Info.plist;
				LD_RUNPATH_SEARCH_PATHS = (
					"$(inherited)",
					"@executable_path/Frameworks",
				);
				PRODUCT_BUNDLE_IDENTIFIER = test.Calendar;
				PRODUCT_NAME = "$(TARGET_NAME)";
				SWIFT_VERSION = 5.0;
				TARGETED_DEVICE_FAMILY = "1,2";
			};
			name = Debug;
		};
		9FDD3C8B24DA6BDF00A8695F /* Release */ = {
			isa = XCBuildConfiguration;
			buildSettings = {
				ASSETCATALOG_COMPILER_APPICON_NAME = AppIcon;
				CODE_SIGN_STYLE = Automatic;
				INFOPLIST_FILE = Calendar/Info.plist;
				LD_RUNPATH_SEARCH_PATHS = (
					"$(inherited)",
					"@executable_path/Frameworks",
				);
				PRODUCT_BUNDLE_IDENTIFIER = test.Calendar;
				PRODUCT_NAME = "$(TARGET_NAME)";
				SWIFT_VERSION = 5.0;
				TARGETED_DEVICE_FAMILY = "1,2";
			};
			name = Release;
		};
		9FDD3C8D24DA6BDF00A8695F /* Debug */ = {
			isa = XCBuildConfiguration;
			buildSettings = {
				ALWAYS_EMBED_SWIFT_STANDARD_LIBRARIES = YES;
				BUNDLE_LOADER = "$(TEST_HOST)";
				CODE_SIGN_STYLE = Automatic;
				INFOPLIST_FILE = CalendarTests/Info.plist;
				IPHONEOS_DEPLOYMENT_TARGET = 13.6;
				LD_RUNPATH_SEARCH_PATHS = (
					"$(inherited)",
					"@executable_path/Frameworks",
					"@loader_path/Frameworks",
				);
				PRODUCT_BUNDLE_IDENTIFIER = test.CalendarTests;
				PRODUCT_NAME = "$(TARGET_NAME)";
				SWIFT_VERSION = 5.0;
				TARGETED_DEVICE_FAMILY = "1,2";
				TEST_HOST = "$(BUILT_PRODUCTS_DIR)/Calendar.app/Calendar";
			};
			name = Debug;
		};
		9FDD3C8E24DA6BDF00A8695F /* Release */ = {
			isa = XCBuildConfiguration;
			buildSettings = {
				ALWAYS_EMBED_SWIFT_STANDARD_LIBRARIES = YES;
				BUNDLE_LOADER = "$(TEST_HOST)";
				CODE_SIGN_STYLE = Automatic;
				INFOPLIST_FILE = CalendarTests/Info.plist;
				IPHONEOS_DEPLOYMENT_TARGET = 13.6;
				LD_RUNPATH_SEARCH_PATHS = (
					"$(inherited)",
					"@executable_path/Frameworks",
					"@loader_path/Frameworks",
				);
				PRODUCT_BUNDLE_IDENTIFIER = test.CalendarTests;
				PRODUCT_NAME = "$(TARGET_NAME)";
				SWIFT_VERSION = 5.0;
				TARGETED_DEVICE_FAMILY = "1,2";
				TEST_HOST = "$(BUILT_PRODUCTS_DIR)/Calendar.app/Calendar";
			};
			name = Release;
		};
		9FDD3C9024DA6BDF00A8695F /* Debug */ = {
			isa = XCBuildConfiguration;
			buildSettings = {
				ALWAYS_EMBED_SWIFT_STANDARD_LIBRARIES = YES;
				CODE_SIGN_STYLE = Automatic;
				INFOPLIST_FILE = CalendarUITests/Info.plist;
				LD_RUNPATH_SEARCH_PATHS = (
					"$(inherited)",
					"@executable_path/Frameworks",
					"@loader_path/Frameworks",
				);
				PRODUCT_BUNDLE_IDENTIFIER = test.CalendarUITests;
				PRODUCT_NAME = "$(TARGET_NAME)";
				SWIFT_VERSION = 5.0;
				TARGETED_DEVICE_FAMILY = "1,2";
				TEST_TARGET_NAME = Calendar;
			};
			name = Debug;
		};
		9FDD3C9124DA6BDF00A8695F /* Release */ = {
			isa = XCBuildConfiguration;
			buildSettings = {
				ALWAYS_EMBED_SWIFT_STANDARD_LIBRARIES = YES;
				CODE_SIGN_STYLE = Automatic;
				INFOPLIST_FILE = CalendarUITests/Info.plist;
				LD_RUNPATH_SEARCH_PATHS = (
					"$(inherited)",
					"@executable_path/Frameworks",
					"@loader_path/Frameworks",
				);
				PRODUCT_BUNDLE_IDENTIFIER = test.CalendarUITests;
				PRODUCT_NAME = "$(TARGET_NAME)";
				SWIFT_VERSION = 5.0;
				TARGETED_DEVICE_FAMILY = "1,2";
				TEST_TARGET_NAME = Calendar;
			};
			name = Release;
		};
/* End XCBuildConfiguration section */

/* Begin XCConfigurationList section */
		9FDD3C5A24DA6BDD00A8695F /* Build configuration list for PBXProject "Calendar" */ = {
			isa = XCConfigurationList;
			buildConfigurations = (
				9FDD3C8724DA6BDF00A8695F /* Debug */,
				9FDD3C8824DA6BDF00A8695F /* Release */,
			);
			defaultConfigurationIsVisible = 0;
			defaultConfigurationName = Release;
		};
		9FDD3C8924DA6BDF00A8695F /* Build configuration list for PBXNativeTarget "Calendar" */ = {
			isa = XCConfigurationList;
			buildConfigurations = (
				9FDD3C8A24DA6BDF00A8695F /* Debug */,
				9FDD3C8B24DA6BDF00A8695F /* Release */,
			);
			defaultConfigurationIsVisible = 0;
			defaultConfigurationName = Release;
		};
		9FDD3C8C24DA6BDF00A8695F /* Build configuration list for PBXNativeTarget "CalendarTests" */ = {
			isa = XCConfigurationList;
			buildConfigurations = (
				9FDD3C8D24DA6BDF00A8695F /* Debug */,
				9FDD3C8E24DA6BDF00A8695F /* Release */,
			);
			defaultConfigurationIsVisible = 0;
			defaultConfigurationName = Release;
		};
		9FDD3C8F24DA6BDF00A8695F /* Build configuration list for PBXNativeTarget "CalendarUITests" */ = {
			isa = XCConfigurationList;
			buildConfigurations = (
				9FDD3C9024DA6BDF00A8695F /* Debug */,
				9FDD3C9124DA6BDF00A8695F /* Release */,
			);
			defaultConfigurationIsVisible = 0;
			defaultConfigurationName = Release;
		};
/* End XCConfigurationList section */
	};
	rootObject = 9FDD3C5724DA6BDD00A8695F /* Project object */;
}
